
Microsoft Visual Studio Solution File, Format Version 12.00
# Visual Studio 15
VisualStudioVersion = 15.0.27004.2000
MinimumVisualStudioVersion = 10.0.40219.1
Project("{FAE04EC0-301F-11D3-BF4B-00C04F79EFBC}") = "snake1", "snake1\snake1.csproj", "{74484314-68C5-489D-A4EE-869AA32453C5}"
EndProject
Global
	GlobalSection(SolutionConfigurationPlatforms) = preSolution
		Debug|Any CPU = Debug|Any CPU
		Release|Any CPU = Release|Any CPU
	EndGlobalSection
	GlobalSection(ProjectConfigurationPlatforms) = postSolution
		{74484314-68C5-489D-A4EE-869AA32453C5}.Debug|Any CPU.ActiveCfg = Debug|Any CPU
		{74484314-68C5-489D-A4EE-869AA32453C5}.Debug|Any CPU.Build.0 = Debug|Any CPU
		{74484314-68C5-489D-A4EE-869AA32453C5}.Release|Any CPU.ActiveCfg = Release|Any CPU
		{74484314-68C5-489D-A4EE-869AA32453C5}.Release|Any CPU.Build.0 = Release|Any CPU
	EndGlobalSection
	GlobalSection(SolutionProperties) = preSolution
		HideSolutionNode = FALSE
	EndGlobalSection
	GlobalSection(ExtensibilityGlobals) = postSolution
		SolutionGuid = {72A2821C-D6D6-49EE-A59B-05783C4D9E43}
	EndGlobalSection
EndGlobal
